
Microsoft Visual Studio Solution File, Format Version 12.00
# Visual Studio Version 17
VisualStudioVersion = 17.0.32112.339
MinimumVisualStudioVersion = 10.0.40219.1
Project("{9A19103F-16F7-4668-BE54-9A1E7A4F7556}") = "ChessUI", "ui\ChessUI.csproj", "{ECA2069C-598D-4FD1-A974-2CCC7504855D}"
EndProject
Global
	GlobalSection(SolutionConfigurationPlatforms) = preSolution
		Debug|Any CPU = Debug|Any CPU
		Release|Any CPU = Release|Any CPU
	EndGlobalSection
	GlobalSection(ProjectConfigurationPlatforms) = postSolution
		{ECA2069C-598D-4FD1-A974-2CCC7504855D}.Debug|Any CPU.ActiveCfg = Debug|Any CPU
		{ECA2069C-598D-4FD1-A974-2CCC7504855D}.Debug|Any CPU.Build.0 = Debug|Any CPU
		{ECA2069C-598D-4FD1-A974-2CCC7504855D}.Release|Any CPU.ActiveCfg = Release|Any CPU
		{ECA2069C-598D-4FD1-A974-2CCC7504855D}.Release|Any CPU.Build.0 = Release|Any CPU
	EndGlobalSection
	GlobalSection(SolutionProperties) = preSolution
		HideSolutionNode = FALSE
	EndGlobalSection
	GlobalSection(ExtensibilityGlobals) = postSolution
		SolutionGuid = {D0986393-3AFD-4DED-90F8-6F49B07F90B5}
	EndGlobalSection
EndGlobal
